// !$*UTF8*$!
{
	archiveVersion = 1;
	classes = {
	};
	objectVersion = 46;
	objects = {

/* Begin PBXBuildFile section */
		03577D611ED396FA00642B0A /* WineAPI.swift in Sources */ = {isa = PBXBuildFile; fileRef = 03577D601ED396FA00642B0A /* WineAPI.swift */; };
		03577D631ED3A0F600642B0A /* DetailVC.swift in Sources */ = {isa = PBXBuildFile; fileRef = 03577D621ED3A0F600642B0A /* DetailVC.swift */; };
		03577D651ED3A34A00642B0A /* wine.jpg in Resources */ = {isa = PBXBuildFile; fileRef = 03577D641ED3A34A00642B0A /* wine.jpg */; };
		03577D691ED3AD8600642B0A /* WineAttributeLabel.swift in Sources */ = {isa = PBXBuildFile; fileRef = 03577D681ED3AD8600642B0A /* WineAttributeLabel.swift */; };
		03577D6B1ED3AF6500642B0A /* Reference.swift in Sources */ = {isa = PBXBuildFile; fileRef = 03577D6A1ED3AF6500642B0A /* Reference.swift */; };
		036D849E1ED3916100467492 /* WineCell.swift in Sources */ = {isa = PBXBuildFile; fileRef = 036D849D1ED3916100467492 /* WineCell.swift */; };
		036D84A01ED391EF00467492 /* Wine.swift in Sources */ = {isa = PBXBuildFile; fileRef = 036D849F1ED391EF00467492 /* Wine.swift */; };
		036D84A21ED3931500467492 /* Util.swift in Sources */ = {isa = PBXBuildFile; fileRef = 036D84A11ED3931500467492 /* Util.swift */; };
		03CF13621ED37541000DEF06 /* AppDelegate.swift in Sources */ = {isa = PBXBuildFile; fileRef = 03CF13611ED37541000DEF06 /* AppDelegate.swift */; };
		03CF13691ED37541000DEF06 /* Assets.xcassets in Resources */ = {isa = PBXBuildFile; fileRef = 03CF13681ED37541000DEF06 /* Assets.xcassets */; };
		03CF136C1ED37541000DEF06 /* LaunchScreen.storyboard in Resources */ = {isa = PBXBuildFile; fileRef = 03CF136A1ED37541000DEF06 /* LaunchScreen.storyboard */; };
		03CF13771ED37541000DEF06 /* TemplateTests.swift in Sources */ = {isa = PBXBuildFile; fileRef = 03CF13761ED37541000DEF06 /* TemplateTests.swift */; };
		03CF13821ED37541000DEF06 /* TemplateUITests.swift in Sources */ = {isa = PBXBuildFile; fileRef = 03CF13811ED37541000DEF06 /* TemplateUITests.swift */; };
		03CF139C1ED38D47000DEF06 /* WineListVC.storyboard in Resources */ = {isa = PBXBuildFile; fileRef = 03CF139B1ED38D47000DEF06 /* WineListVC.storyboard */; };
		03CF139E1ED38E6A000DEF06 /* WineCell.xib in Resources */ = {isa = PBXBuildFile; fileRef = 03CF139D1ED38E6A000DEF06 /* WineCell.xib */; };
		03CF13A21ED38FD0000DEF06 /* WineListVC.swift in Sources */ = {isa = PBXBuildFile; fileRef = 03CF13A11ED38FD0000DEF06 /* WineListVC.swift */; };
		99492AE7EDC05C57C7001204 /* Pods_Template.framework in Frameworks */ = {isa = PBXBuildFile; fileRef = C142848717EE44A9474F9D7D /* Pods_Template.framework */; };
/* End PBXBuildFile section */

/* Begin PBXContainerItemProxy section */
		03CF13731ED37541000DEF06 /* PBXContainerItemProxy */ = {
			isa = PBXContainerItemProxy;
			containerPortal = 03CF13561ED37541000DEF06 /* Project object */;
			proxyType = 1;
			remoteGlobalIDString = 03CF135D1ED37541000DEF06;
			remoteInfo = Template;
		};
		03CF137E1ED37541000DEF06 /* PBXContainerItemProxy */ = {
			isa = PBXContainerItemProxy;
			containerPortal = 03CF13561ED37541000DEF06 /* Project object */;
			proxyType = 1;
			remoteGlobalIDString = 03CF135D1ED37541000DEF06;
			remoteInfo = Template;
		};
/* End PBXContainerItemProxy section */

/* Begin PBXFileReference section */
		03577D601ED396FA00642B0A /* WineAPI.swift */ = {isa = PBXFileReference; fileEncoding = 4; lastKnownFileType = sourcecode.swift; path = WineAPI.swift; sourceTree = "<group>"; };
		03577D621ED3A0F600642B0A /* DetailVC.swift */ = {isa = PBXFileReference; fileEncoding = 4; lastKnownFileType = sourcecode.swift; path = DetailVC.swift; sourceTree = "<group>"; };
		03577D641ED3A34A00642B0A /* wine.jpg */ = {isa = PBXFileReference; lastKnownFileType = image.jpeg; path = wine.jpg; sourceTree = "<group>"; };
		03577D681ED3AD8600642B0A /* WineAttributeLabel.swift */ = {isa = PBXFileReference; fileEncoding = 4; lastKnownFileType = sourcecode.swift; path = WineAttributeLabel.swift; sourceTree = "<group>"; };
		03577D6A1ED3AF6500642B0A /* Reference.swift */ = {isa = PBXFileReference; fileEncoding = 4; lastKnownFileType = sourcecode.swift; path = Reference.swift; sourceTree = "<group>"; };
		036D849D1ED3916100467492 /* WineCell.swift */ = {isa = PBXFileReference; fileEncoding = 4; lastKnownFileType = sourcecode.swift; path = WineCell.swift; sourceTree = "<group>"; };
		036D849F1ED391EF00467492 /* Wine.swift */ = {isa = PBXFileReference; fileEncoding = 4; lastKnownFileType = sourcecode.swift; path = Wine.swift; sourceTree = "<group>"; };
		036D84A11ED3931500467492 /* Util.swift */ = {isa = PBXFileReference; fileEncoding = 4; lastKnownFileType = sourcecode.swift; path = Util.swift; sourceTree = "<group>"; };
		03CF135E1ED37541000DEF06 /* Template.app */ = {isa = PBXFileReference; explicitFileType = wrapper.application; includeInIndex = 0; path = Template.app; sourceTree = BUILT_PRODUCTS_DIR; };
		03CF13611ED37541000DEF06 /* AppDelegate.swift */ = {isa = PBXFileReference; lastKnownFileType = sourcecode.swift; path = AppDelegate.swift; sourceTree = "<group>"; };
		03CF13681ED37541000DEF06 /* Assets.xcassets */ = {isa = PBXFileReference; lastKnownFileType = folder.assetcatalog; path = Assets.xcassets; sourceTree = "<group>"; };
		03CF136B1ED37541000DEF06 /* Base */ = {isa = PBXFileReference; lastKnownFileType = file.storyboard; name = Base; path = Base.lproj/LaunchScreen.storyboard; sourceTree = "<group>"; };
		03CF136D1ED37541000DEF06 /* Info.plist */ = {isa = PBXFileReference; lastKnownFileType = text.plist.xml; path = Info.plist; sourceTree = "<group>"; };
		03CF13721ED37541000DEF06 /* TemplateTests.xctest */ = {isa = PBXFileReference; explicitFileType = wrapper.cfbundle; includeInIndex = 0; path = TemplateTests.xctest; sourceTree = BUILT_PRODUCTS_DIR; };
		03CF13761ED37541000DEF06 /* TemplateTests.swift */ = {isa = PBXFileReference; lastKnownFileType = sourcecode.swift; path = TemplateTests.swift; sourceTree = "<group>"; };
		03CF13781ED37541000DEF06 /* Info.plist */ = {isa = PBXFileReference; lastKnownFileType = text.plist.xml; path = Info.plist; sourceTree = "<group>"; };
		03CF137D1ED37541000DEF06 /* TemplateUITests.xctest */ = {isa = PBXFileReference; explicitFileType = wrapper.cfbundle; includeInIndex = 0; path = TemplateUITests.xctest; sourceTree = BUILT_PRODUCTS_DIR; };
		03CF13811ED37541000DEF06 /* TemplateUITests.swift */ = {isa = PBXFileReference; lastKnownFileType = sourcecode.swift; path = TemplateUITests.swift; sourceTree = "<group>"; };
		03CF13831ED37541000DEF06 /* Info.plist */ = {isa = PBXFileReference; lastKnownFileType = text.plist.xml; path = Info.plist; sourceTree = "<group>"; };
		03CF139B1ED38D47000DEF06 /* WineListVC.storyboard */ = {isa = PBXFileReference; fileEncoding = 4; lastKnownFileType = file.storyboard; path = WineListVC.storyboard; sourceTree = "<group>"; };
		03CF139D1ED38E6A000DEF06 /* WineCell.xib */ = {isa = PBXFileReference; fileEncoding = 4; lastKnownFileType = file.xib; path = WineCell.xib; sourceTree = "<group>"; };
		03CF13A11ED38FD0000DEF06 /* WineListVC.swift */ = {isa = PBXFileReference; fileEncoding = 4; lastKnownFileType = sourcecode.swift; path = WineListVC.swift; sourceTree = "<group>"; };
		8A877D1BDFF561E98CB6B6CF /* Pods-Template.release.xcconfig */ = {isa = PBXFileReference; includeInIndex = 1; lastKnownFileType = text.xcconfig; name = "Pods-Template.release.xcconfig"; path = "Pods/Target Support Files/Pods-Template/Pods-Template.release.xcconfig"; sourceTree = "<group>"; };
		A68B9B276CB5154FFA58ECDD /* Pods-Template.debug.xcconfig */ = {isa = PBXFileReference; includeInIndex = 1; lastKnownFileType = text.xcconfig; name = "Pods-Template.debug.xcconfig"; path = "Pods/Target Support Files/Pods-Template/Pods-Template.debug.xcconfig"; sourceTree = "<group>"; };
		C142848717EE44A9474F9D7D /* Pods_Template.framework */ = {isa = PBXFileReference; explicitFileType = wrapper.framework; includeInIndex = 0; path = Pods_Template.framework; sourceTree = BUILT_PRODUCTS_DIR; };
/* End PBXFileReference section */

/* Begin PBXFrameworksBuildPhase section */
		03CF135B1ED37541000DEF06 /* Frameworks */ = {
			isa = PBXFrameworksBuildPhase;
			buildActionMask = 2147483647;
			files = (
				99492AE7EDC05C57C7001204 /* Pods_Template.framework in Frameworks */,
			);
			runOnlyForDeploymentPostprocessing = 0;
		};
		03CF136F1ED37541000DEF06 /* Frameworks */ = {
			isa = PBXFrameworksBuildPhase;
			buildActionMask = 2147483647;
			files = (
			);
			runOnlyForDeploymentPostprocessing = 0;
		};
		03CF137A1ED37541000DEF06 /* Frameworks */ = {
			isa = PBXFrameworksBuildPhase;
			buildActionMask = 2147483647;
			files = (
			);
			runOnlyForDeploymentPostprocessing = 0;
		};
/* End PBXFrameworksBuildPhase section */

/* Begin PBXGroup section */
		03CF13551ED37541000DEF06 = {
			isa = PBXGroup;
			children = (
				03CF13601ED37541000DEF06 /* Template */,
				03CF13751ED37541000DEF06 /* TemplateTests */,
				03CF13801ED37541000DEF06 /* TemplateUITests */,
				03CF135F1ED37541000DEF06 /* Products */,
				EDC358EA86131F8D3569C715 /* Pods */,
				11921C0243A7E2D48E09F61B /* Frameworks */,
			);
			sourceTree = "<group>";
		};
		03CF135F1ED37541000DEF06 /* Products */ = {
			isa = PBXGroup;
			children = (
				03CF135E1ED37541000DEF06 /* Template.app */,
				03CF13721ED37541000DEF06 /* TemplateTests.xctest */,
				03CF137D1ED37541000DEF06 /* TemplateUITests.xctest */,
			);
			name = Products;
			sourceTree = "<group>";
		};
		03CF13601ED37541000DEF06 /* Template */ = {
			isa = PBXGroup;
			children = (
				03CF13611ED37541000DEF06 /* AppDelegate.swift */,
				03CF13681ED37541000DEF06 /* Assets.xcassets */,
				03CF136A1ED37541000DEF06 /* LaunchScreen.storyboard */,
				03CF136D1ED37541000DEF06 /* Info.plist */,
				03CF139B1ED38D47000DEF06 /* WineListVC.storyboard */,
				03CF139D1ED38E6A000DEF06 /* WineCell.xib */,
				036D849D1ED3916100467492 /* WineCell.swift */,
				036D84A11ED3931500467492 /* Util.swift */,
				03577D6A1ED3AF6500642B0A /* Reference.swift */,
				03CF13A11ED38FD0000DEF06 /* WineListVC.swift */,
				03577D621ED3A0F600642B0A /* DetailVC.swift */,
				03577D681ED3AD8600642B0A /* WineAttributeLabel.swift */,
				036D849F1ED391EF00467492 /* Wine.swift */,
				03577D601ED396FA00642B0A /* WineAPI.swift */,
				03577D641ED3A34A00642B0A /* wine.jpg */,
			);
			path = Template;
			sourceTree = "<group>";
		};
		03CF13751ED37541000DEF06 /* TemplateTests */ = {
			isa = PBXGroup;
			children = (
				03CF13761ED37541000DEF06 /* TemplateTests.swift */,
				03CF13781ED37541000DEF06 /* Info.plist */,
			);
			path = TemplateTests;
			sourceTree = "<group>";
		};
		03CF13801ED37541000DEF06 /* TemplateUITests */ = {
			isa = PBXGroup;
			children = (
				03CF13811ED37541000DEF06 /* TemplateUITests.swift */,
				03CF13831ED37541000DEF06 /* Info.plist */,
			);
			path = TemplateUITests;
			sourceTree = "<group>";
		};
		11921C0243A7E2D48E09F61B /* Frameworks */ = {
			isa = PBXGroup;
			children = (
				C142848717EE44A9474F9D7D /* Pods_Template.framework */,
			);
			name = Frameworks;
			sourceTree = "<group>";
		};
		EDC358EA86131F8D3569C715 /* Pods */ = {
			isa = PBXGroup;
			children = (
				A68B9B276CB5154FFA58ECDD /* Pods-Template.debug.xcconfig */,
				8A877D1BDFF561E98CB6B6CF /* Pods-Template.release.xcconfig */,
			);
			name = Pods;
			sourceTree = "<group>";
		};
/* End PBXGroup section */

/* Begin PBXNativeTarget section */
		03CF135D1ED37541000DEF06 /* Template */ = {
			isa = PBXNativeTarget;
			buildConfigurationList = 03CF13861ED37541000DEF06 /* Build configuration list for PBXNativeTarget "Template" */;
			buildPhases = (
				E293389D8734388415755A4B /* [CP] Check Pods Manifest.lock */,
				03CF135A1ED37541000DEF06 /* Sources */,
				03CF135B1ED37541000DEF06 /* Frameworks */,
				03CF135C1ED37541000DEF06 /* Resources */,
				E61797166A470181C63016E9 /* [CP] Embed Pods Frameworks */,
				E736B959361B206623DEF3D4 /* [CP] Copy Pods Resources */,
			);
			buildRules = (
			);
			dependencies = (
			);
			name = Template;
			productName = Template;
			productReference = 03CF135E1ED37541000DEF06 /* Template.app */;
			productType = "com.apple.product-type.application";
		};
		03CF13711ED37541000DEF06 /* TemplateTests */ = {
			isa = PBXNativeTarget;
			buildConfigurationList = 03CF13891ED37541000DEF06 /* Build configuration list for PBXNativeTarget "TemplateTests" */;
			buildPhases = (
				03CF136E1ED37541000DEF06 /* Sources */,
				03CF136F1ED37541000DEF06 /* Frameworks */,
				03CF13701ED37541000DEF06 /* Resources */,
			);
			buildRules = (
			);
			dependencies = (
				03CF13741ED37541000DEF06 /* PBXTargetDependency */,
			);
			name = TemplateTests;
			productName = TemplateTests;
			productReference = 03CF13721ED37541000DEF06 /* TemplateTests.xctest */;
			productType = "com.apple.product-type.bundle.unit-test";
		};
		03CF137C1ED37541000DEF06 /* TemplateUITests */ = {
			isa = PBXNativeTarget;
			buildConfigurationList = 03CF138C1ED37541000DEF06 /* Build configuration list for PBXNativeTarget "TemplateUITests" */;
			buildPhases = (
				03CF13791ED37541000DEF06 /* Sources */,
				03CF137A1ED37541000DEF06 /* Frameworks */,
				03CF137B1ED37541000DEF06 /* Resources */,
			);
			buildRules = (
			);
			dependencies = (
				03CF137F1ED37541000DEF06 /* PBXTargetDependency */,
			);
			name = TemplateUITests;
			productName = TemplateUITests;
			productReference = 03CF137D1ED37541000DEF06 /* TemplateUITests.xctest */;
			productType = "com.apple.product-type.bundle.ui-testing";
		};
/* End PBXNativeTarget section */

/* Begin PBXProject section */
		03CF13561ED37541000DEF06 /* Project object */ = {
			isa = PBXProject;
			attributes = {
				LastSwiftUpdateCheck = 0830;
				LastUpgradeCheck = 0830;
				ORGANIZATIONNAME = "Kasey Baughan";
				TargetAttributes = {
					03CF135D1ED37541000DEF06 = {
						CreatedOnToolsVersion = 8.3.2;
						DevelopmentTeam = F9E934J8Z2;
						ProvisioningStyle = Automatic;
					};
					03CF13711ED37541000DEF06 = {
						CreatedOnToolsVersion = 8.3.2;
						DevelopmentTeam = F9E934J8Z2;
						ProvisioningStyle = Automatic;
						TestTargetID = 03CF135D1ED37541000DEF06;
					};
					03CF137C1ED37541000DEF06 = {
						CreatedOnToolsVersion = 8.3.2;
						DevelopmentTeam = F9E934J8Z2;
						ProvisioningStyle = Automatic;
						TestTargetID = 03CF135D1ED37541000DEF06;
					};
				};
			};
			buildConfigurationList = 03CF13591ED37541000DEF06 /* Build configuration list for PBXProject "Template" */;
			compatibilityVersion = "Xcode 3.2";
			developmentRegion = English;
			hasScannedForEncodings = 0;
			knownRegions = (
				en,
				Base,
			);
			mainGroup = 03CF13551ED37541000DEF06;
			productRefGroup = 03CF135F1ED37541000DEF06 /* Products */;
			projectDirPath = "";
			projectRoot = "";
			targets = (
				03CF135D1ED37541000DEF06 /* Template */,
				03CF13711ED37541000DEF06 /* TemplateTests */,
				03CF137C1ED37541000DEF06 /* TemplateUITests */,
			);
		};
/* End PBXProject section */

/* Begin PBXResourcesBuildPhase section */
		03CF135C1ED37541000DEF06 /* Resources */ = {
			isa = PBXResourcesBuildPhase;
			buildActionMask = 2147483647;
			files = (
				03CF139E1ED38E6A000DEF06 /* WineCell.xib in Resources */,
				03577D651ED3A34A00642B0A /* wine.jpg in Resources */,
				03CF139C1ED38D47000DEF06 /* WineListVC.storyboard in Resources */,
				03CF136C1ED37541000DEF06 /* LaunchScreen.storyboard in Resources */,
				03CF13691ED37541000DEF06 /* Assets.xcassets in Resources */,
			);
			runOnlyForDeploymentPostprocessing = 0;
		};
		03CF13701ED37541000DEF06 /* Resources */ = {
			isa = PBXResourcesBuildPhase;
			buildActionMask = 2147483647;
			files = (
			);
			runOnlyForDeploymentPostprocessing = 0;
		};
		03CF137B1ED37541000DEF06 /* Resources */ = {
			isa = PBXResourcesBuildPhase;
			buildActionMask = 2147483647;
			files = (
			);
			runOnlyForDeploymentPostprocessing = 0;
		};
/* End PBXResourcesBuildPhase section */

/* Begin PBXShellScriptBuildPhase section */
		E293389D8734388415755A4B /* [CP] Check Pods Manifest.lock */ = {
			isa = PBXShellScriptBuildPhase;
			buildActionMask = 2147483647;
			files = (
			);
			inputPaths = (
			);
			name = "[CP] Check Pods Manifest.lock";
			outputPaths = (
			);
			runOnlyForDeploymentPostprocessing = 0;
			shellPath = /bin/sh;
			shellScript = "diff \"${PODS_ROOT}/../Podfile.lock\" \"${PODS_ROOT}/Manifest.lock\" > /dev/null\nif [ $? != 0 ] ; then\n    # print error to STDERR\n    echo \"error: The sandbox is not in sync with the Podfile.lock. Run 'pod install' or update your CocoaPods installation.\" >&2\n    exit 1\nfi\n";
			showEnvVarsInLog = 0;
		};
		E61797166A470181C63016E9 /* [CP] Embed Pods Frameworks */ = {
			isa = PBXShellScriptBuildPhase;
			buildActionMask = 2147483647;
			files = (
			);
			inputPaths = (
			);
			name = "[CP] Embed Pods Frameworks";
			outputPaths = (
			);
			runOnlyForDeploymentPostprocessing = 0;
			shellPath = /bin/sh;
			shellScript = "\"${SRCROOT}/Pods/Target Support Files/Pods-Template/Pods-Template-frameworks.sh\"\n";
			showEnvVarsInLog = 0;
		};
		E736B959361B206623DEF3D4 /* [CP] Copy Pods Resources */ = {
			isa = PBXShellScriptBuildPhase;
			buildActionMask = 2147483647;
			files = (
			);
			inputPaths = (
			);
			name = "[CP] Copy Pods Resources";
			outputPaths = (
			);
			runOnlyForDeploymentPostprocessing = 0;
			shellPath = /bin/sh;
			shellScript = "\"${SRCROOT}/Pods/Target Support Files/Pods-Template/Pods-Template-resources.sh\"\n";
			showEnvVarsInLog = 0;
		};
/* End PBXShellScriptBuildPhase section */

/* Begin PBXSourcesBuildPhase section */
		03CF135A1ED37541000DEF06 /* Sources */ = {
			isa = PBXSourcesBuildPhase;
			buildActionMask = 2147483647;
			files = (
				036D84A01ED391EF00467492 /* Wine.swift in Sources */,
				03CF13A21ED38FD0000DEF06 /* WineListVC.swift in Sources */,
				03577D691ED3AD8600642B0A /* WineAttributeLabel.swift in Sources */,
				036D84A21ED3931500467492 /* Util.swift in Sources */,
				03577D611ED396FA00642B0A /* WineAPI.swift in Sources */,
				03CF13621ED37541000DEF06 /* AppDelegate.swift in Sources */,
				03577D6B1ED3AF6500642B0A /* Reference.swift in Sources */,
				036D849E1ED3916100467492 /* WineCell.swift in Sources */,
				03577D631ED3A0F600642B0A /* DetailVC.swift in Sources */,
			);
			runOnlyForDeploymentPostprocessing = 0;
		};
		03CF136E1ED37541000DEF06 /* Sources */ = {
			isa = PBXSourcesBuildPhase;
			buildActionMask = 2147483647;
			files = (
				03CF13771ED37541000DEF06 /* TemplateTests.swift in Sources */,
			);
			runOnlyForDeploymentPostprocessing = 0;
		};
		03CF13791ED37541000DEF06 /* Sources */ = {
			isa = PBXSourcesBuildPhase;
			buildActionMask = 2147483647;
			files = (
				03CF13821ED37541000DEF06 /* TemplateUITests.swift in Sources */,
			);
			runOnlyForDeploymentPostprocessing = 0;
		};
/* End PBXSourcesBuildPhase section */

/* Begin PBXTargetDependency section */
		03CF13741ED37541000DEF06 /* PBXTargetDependency */ = {
			isa = PBXTargetDependency;
			target = 03CF135D1ED37541000DEF06 /* Template */;
			targetProxy = 03CF13731ED37541000DEF06 /* PBXContainerItemProxy */;
		};
		03CF137F1ED37541000DEF06 /* PBXTargetDependency */ = {
			isa = PBXTargetDependency;
			target = 03CF135D1ED37541000DEF06 /* Template */;
			targetProxy = 03CF137E1ED37541000DEF06 /* PBXContainerItemProxy */;
		};
/* End PBXTargetDependency section */

/* Begin PBXVariantGroup section */
		03CF136A1ED37541000DEF06 /* LaunchScreen.storyboard */ = {
			isa = PBXVariantGroup;
			children = (
				03CF136B1ED37541000DEF06 /* Base */,
			);
			name = LaunchScreen.storyboard;
			sourceTree = "<group>";
		};
/* End PBXVariantGroup section */

/* Begin XCBuildConfiguration section */
		03CF13841ED37541000DEF06 /* Debug */ = {
			isa = XCBuildConfiguration;
			buildSettings = {
				ALWAYS_SEARCH_USER_PATHS = NO;
				CLANG_ANALYZER_NONNULL = YES;
				CLANG_ANALYZER_NUMBER_OBJECT_CONVERSION = YES_AGGRESSIVE;
				CLANG_CXX_LANGUAGE_STANDARD = "gnu++0x";
				CLANG_CXX_LIBRARY = "libc++";
				CLANG_ENABLE_MODULES = YES;
				CLANG_ENABLE_OBJC_ARC = YES;
				CLANG_WARN_BOOL_CONVERSION = YES;
				CLANG_WARN_CONSTANT_CONVERSION = YES;
				CLANG_WARN_DIRECT_OBJC_ISA_USAGE = YES_ERROR;
				CLANG_WARN_DOCUMENTATION_COMMENTS = YES;
				CLANG_WARN_EMPTY_BODY = YES;
				CLANG_WARN_ENUM_CONVERSION = YES;
				CLANG_WARN_INFINITE_RECURSION = YES;
				CLANG_WARN_INT_CONVERSION = YES;
				CLANG_WARN_OBJC_ROOT_CLASS = YES_ERROR;
				CLANG_WARN_SUSPICIOUS_MOVE = YES;
				CLANG_WARN_UNREACHABLE_CODE = YES;
				CLANG_WARN__DUPLICATE_METHOD_MATCH = YES;
				"CODE_SIGN_IDENTITY[sdk=iphoneos*]" = "iPhone Developer";
				COPY_PHASE_STRIP = NO;
				DEBUG_INFORMATION_FORMAT = dwarf;
				ENABLE_STRICT_OBJC_MSGSEND = YES;
				ENABLE_TESTABILITY = YES;
				GCC_C_LANGUAGE_STANDARD = gnu99;
				GCC_DYNAMIC_NO_PIC = NO;
				GCC_NO_COMMON_BLOCKS = YES;
				GCC_OPTIMIZATION_LEVEL = 0;
				GCC_PREPROCESSOR_DEFINITIONS = (
					"DEBUG=1",
					"$(inherited)",
				);
				GCC_WARN_64_TO_32_BIT_CONVERSION = YES;
				GCC_WARN_ABOUT_RETURN_TYPE = YES_ERROR;
				GCC_WARN_UNDECLARED_SELECTOR = YES;
				GCC_WARN_UNINITIALIZED_AUTOS = YES_AGGRESSIVE;
				GCC_WARN_UNUSED_FUNCTION = YES;
				GCC_WARN_UNUSED_VARIABLE = YES;
				IPHONEOS_DEPLOYMENT_TARGET = 10.3;
				MTL_ENABLE_DEBUG_INFO = YES;
				ONLY_ACTIVE_ARCH = YES;
				SDKROOT = iphoneos;
				SWIFT_ACTIVE_COMPILATION_CONDITIONS = DEBUG;
				SWIFT_OPTIMIZATION_LEVEL = "-Onone";
			};
			name = Debug;
		};
		03CF13851ED37541000DEF06 /* Release */ = {
			isa = XCBuildConfiguration;
			buildSettings = {
				ALWAYS_SEARCH_USER_PATHS = NO;
				CLANG_ANALYZER_NONNULL = YES;
				CLANG_ANALYZER_NUMBER_OBJECT_CONVERSION = YES_AGGRESSIVE;
				CLANG_CXX_LANGUAGE_STANDARD = "gnu++0x";
				CLANG_CXX_LIBRARY = "libc++";
				CLANG_ENABLE_MODULES = YES;
				CLANG_ENABLE_OBJC_ARC = YES;
				CLANG_WARN_BOOL_CONVERSION = YES;
				CLANG_WARN_CONSTANT_CONVERSION = YES;
				CLANG_WARN_DIRECT_OBJC_ISA_USAGE = YES_ERROR;
				CLANG_WARN_DOCUMENTATION_COMMENTS = YES;
				CLANG_WARN_EMPTY_BODY = YES;
				CLANG_WARN_ENUM_CONVERSION = YES;
				CLANG_WARN_INFINITE_RECURSION = YES;
				CLANG_WARN_INT_CONVERSION = YES;
				CLANG_WARN_OBJC_ROOT_CLASS = YES_ERROR;
				CLANG_WARN_SUSPICIOUS_MOVE = YES;
				CLANG_WARN_UNREACHABLE_CODE = YES;
				CLANG_WARN__DUPLICATE_METHOD_MATCH = YES;
				"CODE_SIGN_IDENTITY[sdk=iphoneos*]" = "iPhone Developer";
				COPY_PHASE_STRIP = NO;
				DEBUG_INFORMATION_FORMAT = "dwarf-with-dsym";
				ENABLE_NS_ASSERTIONS = NO;
				ENABLE_STRICT_OBJC_MSGSEND = YES;
				GCC_C_LANGUAGE_STANDARD = gnu99;
				GCC_NO_COMMON_BLOCKS = YES;
				GCC_WARN_64_TO_32_BIT_CONVERSION = YES;
				GCC_WARN_ABOUT_RETURN_TYPE = YES_ERROR;
				GCC_WARN_UNDECLARED_SELECTOR = YES;
				GCC_WARN_UNINITIALIZED_AUTOS = YES_AGGRESSIVE;
				GCC_WARN_UNUSED_FUNCTION = YES;
				GCC_WARN_UNUSED_VARIABLE = YES;
				IPHONEOS_DEPLOYMENT_TARGET = 10.3;
				MTL_ENABLE_DEBUG_INFO = NO;
				SDKROOT = iphoneos;
				SWIFT_OPTIMIZATION_LEVEL = "-Owholemodule";
				VALIDATE_PRODUCT = YES;
			};
			name = Release;
		};
		03CF13871ED37541000DEF06 /* Debug */ = {
			isa = XCBuildConfiguration;
			baseConfigurationReference = A68B9B276CB5154FFA58ECDD /* Pods-Template.debug.xcconfig */;
			buildSettings = {
				ASSETCATALOG_COMPILER_APPICON_NAME = AppIcon;
				DEVELOPMENT_TEAM = F9E934J8Z2;
				INFOPLIST_FILE = Template/Info.plist;
				LD_RUNPATH_SEARCH_PATHS = "$(inherited) @executable_path/Frameworks";
				PRODUCT_BUNDLE_IDENTIFIER = com.kaseybaughan.Template;
				PRODUCT_NAME = "$(TARGET_NAME)";
				SWIFT_VERSION = 3.0;
			};
			name = Debug;
		};
		03CF13881ED37541000DEF06 /* Release */ = {
			isa = XCBuildConfiguration;
			baseConfigurationReference = 8A877D1BDFF561E98CB6B6CF /* Pods-Template.release.xcconfig */;
			buildSettings = {
				ASSETCATALOG_COMPILER_APPICON_NAME = AppIcon;
				DEVELOPMENT_TEAM = F9E934J8Z2;
				INFOPLIST_FILE = Template/Info.plist;
				LD_RUNPATH_SEARCH_PATHS = "$(inherited) @executable_path/Frameworks";
				PRODUCT_BUNDLE_IDENTIFIER = com.kaseybaughan.Template;
				PRODUCT_NAME = "$(TARGET_NAME)";
				SWIFT_VERSION = 3.0;
			};
			name = Release;
		};
		03CF138A1ED37541000DEF06 /* Debug */ = {
			isa = XCBuildConfiguration;
			buildSettings = {
				ALWAYS_EMBED_SWIFT_STANDARD_LIBRARIES = YES;
				BUNDLE_LOADER = "$(TEST_HOST)";
				DEVELOPMENT_TEAM = F9E934J8Z2;
				INFOPLIST_FILE = TemplateTests/Info.plist;
				LD_RUNPATH_SEARCH_PATHS = "$(inherited) @executable_path/Frameworks @loader_path/Frameworks";
				PRODUCT_BUNDLE_IDENTIFIER = com.kaseybaughan.TemplateTests;
				PRODUCT_NAME = "$(TARGET_NAME)";
				SWIFT_VERSION = 3.0;
				TEST_HOST = "$(BUILT_PRODUCTS_DIR)/Template.app/Template";
			};
			name = Debug;
		};
		03CF138B1ED37541000DEF06 /* Release */ = {
			isa = XCBuildConfiguration;
			buildSettings = {
				ALWAYS_EMBED_SWIFT_STANDARD_LIBRARIES = YES;
				BUNDLE_LOADER = "$(TEST_HOST)";
				DEVELOPMENT_TEAM = F9E934J8Z2;
				INFOPLIST_FILE = TemplateTests/Info.plist;
				LD_RUNPATH_SEARCH_PATHS = "$(inherited) @executable_path/Frameworks @loader_path/Frameworks";
				PRODUCT_BUNDLE_IDENTIFIER = com.kaseybaughan.TemplateTests;
				PRODUCT_NAME = "$(TARGET_NAME)";
				SWIFT_VERSION = 3.0;
				TEST_HOST = "$(BUILT_PRODUCTS_DIR)/Template.app/Template";
			};
			name = Release;
		};
		03CF138D1ED37541000DEF06 /* Debug */ = {
			isa = XCBuildConfiguration;
			buildSettings = {
				ALWAYS_EMBED_SWIFT_STANDARD_LIBRARIES = YES;
				DEVELOPMENT_TEAM = F9E934J8Z2;
				INFOPLIST_FILE = TemplateUITests/Info.plist;
				LD_RUNPATH_SEARCH_PATHS = "$(inherited) @executable_path/Frameworks @loader_path/Frameworks";
				PRODUCT_BUNDLE_IDENTIFIER = com.kaseybaughan.TemplateUITests;
				PRODUCT_NAME = "$(TARGET_NAME)";
				SWIFT_VERSION = 3.0;
				TEST_TARGET_NAME = Template;
			};
			name = Debug;
		};
		03CF138E1ED37541000DEF06 /* Release */ = {
			isa = XCBuildConfiguration;
			buildSettings = {
				ALWAYS_EMBED_SWIFT_STANDARD_LIBRARIES = YES;
				DEVELOPMENT_TEAM = F9E934J8Z2;
				INFOPLIST_FILE = TemplateUITests/Info.plist;
				LD_RUNPATH_SEARCH_PATHS = "$(inherited) @executable_path/Frameworks @loader_path/Frameworks";
				PRODUCT_BUNDLE_IDENTIFIER = com.kaseybaughan.TemplateUITests;
				PRODUCT_NAME = "$(TARGET_NAME)";
				SWIFT_VERSION = 3.0;
				TEST_TARGET_NAME = Template;
			};
			name = Release;
		};
/* End XCBuildConfiguration section */

/* Begin XCConfigurationList section */
		03CF13591ED37541000DEF06 /* Build configuration list for PBXProject "Template" */ = {
			isa = XCConfigurationList;
			buildConfigurations = (
				03CF13841ED37541000DEF06 /* Debug */,
				03CF13851ED37541000DEF06 /* Release */,
			);
			defaultConfigurationIsVisible = 0;
			defaultConfigurationName = Release;
		};
		03CF13861ED37541000DEF06 /* Build configuration list for PBXNativeTarget "Template" */ = {
			isa = XCConfigurationList;
			buildConfigurations = (
				03CF13871ED37541000DEF06 /* Debug */,
				03CF13881ED37541000DEF06 /* Release */,
			);
			defaultConfigurationIsVisible = 0;
			defaultConfigurationName = Release;
		};
		03CF13891ED37541000DEF06 /* Build configuration list for PBXNativeTarget "TemplateTests" */ = {
			isa = XCConfigurationList;
			buildConfigurations = (
				03CF138A1ED37541000DEF06 /* Debug */,
				03CF138B1ED37541000DEF06 /* Release */,
			);
			defaultConfigurationIsVisible = 0;
			defaultConfigurationName = Release;
		};
		03CF138C1ED37541000DEF06 /* Build configuration list for PBXNativeTarget "TemplateUITests" */ = {
			isa = XCConfigurationList;
			buildConfigurations = (
				03CF138D1ED37541000DEF06 /* Debug */,
				03CF138E1ED37541000DEF06 /* Release */,
			);
			defaultConfigurationIsVisible = 0;
			defaultConfigurationName = Release;
		};
/* End XCConfigurationList section */
	};
	rootObject = 03CF13561ED37541000DEF06 /* Project object */;
}
